{
  "$comment": "FREEZE RECORD. This file records the {id, command, blocking} of every gate at the moment the owner froze it. The gate set may only grow: the owner may APPEND an entry here when a phase legitimately adds coverage, but removing an entry, changing a command string, or changing blocking from true to false is prohibited. scripts/check-gate-manifest.mjs enforces this and has no flag that rewrites this file. Every other manifest field is deliberately left unlocked, because reordering a gate and improving its prose are not weakening it.",
  "frozen_at": "2026-07-31",
  "locked_gates": [
    {
      "id": "G1",
      "command": "cd engine && cargo test",
      "blocking": true
    },
    {
      "id": "G2",
      "command": "bash engine/build-wasm.sh",
      "blocking": true
    },
    {
      "id": "G3",
      "command": "cd frontend && npm run test:gate",
      "blocking": true
    },
    {
      "id": "G4",
      "command": "cd frontend && npx tsc -b --force",
      "blocking": true
    },
    {
      "id": "G5",
      "command": "node scripts/check-gate-manifest.mjs",
      "blocking": true
    },
    {
      "id": "G6",
      "command": "node scripts/check-plan-closed-world.mjs",
      "blocking": true
    },
    {
      "id": "G7",
      "command": "node scripts/check-commit-discipline.mjs",
      "blocking": true
    },
    {
      "id": "G8",
      "command": "node scripts/check-gate-skips.mjs",
      "blocking": true
    },
    {
      "id": "G9",
      "command": "node scripts/check-gate-results.mjs",
      "blocking": true
    },
    {
      "id": "G10",
      "command": "node scripts/check-lawyer-agenda.mjs",
      "blocking": true
    },
    {
      "id": "G11",
      "command": "node scripts/check-observability.mjs",
      "blocking": true
    },
    {
      "id": "G12",
      "command": "bash scripts/coverage-report.sh && node scripts/check-coverage.mjs",
      "blocking": true
    },
    {
      "id": "G13",
      "command": "node scripts/check-assertion-discipline.mjs",
      "blocking": true
    },
    {
      "id": "G15",
      "command": "cd frontend && node journey/selftest.mjs",
      "blocking": true
    },
    {
      "id": "G16",
      "command": "node scripts/check-journey-registry.mjs",
      "blocking": true
    },
    {
      "id": "G18",
      "command": "cd frontend && node journey/rls-isolation.mjs",
      "blocking": true
    },
    {
      "id": "G17",
      "command": "cd frontend && node journey/run.mjs --all",
      "blocking": true
    },
    {
      "id": "G19",
      "command": "cd frontend && node journey/money-parity.mjs",
      "blocking": true
    },
    {
      "id": "G20",
      "command": "cd frontend && node journey/share-exposure.mjs",
      "blocking": true
    },
    {
      "id": "G21",
      "command": "cd frontend && node journey/seo-smoke.mjs",
      "blocking": true
    },
    {
      "id": "G22",
      "command": "cd frontend && node journey/pdf-probe.mjs",
      "blocking": true
    },
    {
      "id": "G23",
      "command": "cd frontend && node journey/pdf-structure.mjs",
      "blocking": true
    },
    {
      "id": "G24",
      "command": "cd frontend && node journey/pdf-visual.mjs",
      "blocking": true
    },
    {
      "id": "G25",
      "command": "cd frontend && node journey/print-layout.mjs",
      "blocking": true
    },
    {
      "id": "G26",
      "command": "node scripts/check-blocked-requirements.mjs",
      "blocking": true
    },
    {
      "id": "G27",
      "command": "node scripts/check-spec-legal-text.mjs",
      "blocking": true
    },
    {
      "id": "G28",
      "command": "node scripts/check-legal-traceability.mjs",
      "blocking": true
    },
    {
      "id": "G29",
      "command": "node scripts/check-bugs-ledger.mjs",
      "blocking": true
    },
    {
      "id": "G30",
      "command": "node scripts/check-claude-invariants.mjs",
      "blocking": true
    },
    {
      "id": "G31",
      "command": "node scripts/check-new-rule-procedure.mjs",
      "blocking": true
    },
    {
      "id": "G32",
      "command": "node scripts/check-doc-claims.mjs",
      "blocking": true
    },
    {
      "id": "G33",
      "command": "node scripts/check-planning-truth.mjs",
      "blocking": true
    },
    {
      "id": "G14",
      "command": "node scripts/check-citation-integrity.mjs",
      "blocking": true
    },
    {
      "id": "G34",
      "command": "cd frontend && npx tsx scripts/check-one-fact-set.ts",
      "blocking": true
    },
    {
      "id": "G35",
      "command": "cd frontend && node journey/persistence.mjs",
      "blocking": true
    },
    {
      "id": "G37",
      "command": "cd frontend && npx tsx journey/return-parity.ts",
      "blocking": true
    }
  ]
}
